
Microsoft Visual Studio Solution File, Format Version 10.00
# Visual Studio 2008
Project("{FAE04EC0-301F-11D3-BF4B-00C04F79EFBC}") = "Pithy", "Pithy\Pithy.csproj", "{936680F3-5B3B-4337-90F2-BFC0E5FCEAFD}"
EndProject
Global
	GlobalSection(SolutionConfigurationPlatforms) = preSolution
		Debug|Any CPU = Debug|Any CPU
		Release|Any CPU = Release|Any CPU
	EndGlobalSection
	GlobalSection(ProjectConfigurationPlatforms) = postSolution
		{936680F3-5B3B-4337-90F2-BFC0E5FCEAFD}.Debug|Any CPU.ActiveCfg = Debug|Any CPU
		{936680F3-5B3B-4337-90F2-BFC0E5FCEAFD}.Debug|Any CPU.Build.0 = Debug|Any CPU
		{936680F3-5B3B-4337-90F2-BFC0E5FCEAFD}.Release|Any CPU.ActiveCfg = Release|Any CPU
		{936680F3-5B3B-4337-90F2-BFC0E5FCEAFD}.Release|Any CPU.Build.0 = Release|Any CPU
	EndGlobalSection
	GlobalSection(SolutionProperties) = preSolution
		HideSolutionNode = FALSE
	EndGlobalSection
EndGlobal
